
Microsoft Visual Studio Solution File, Format Version 12.00
# Visual Studio Version 16
VisualStudioVersion = 16.0.30907.101
MinimumVisualStudioVersion = 10.0.40219.1
Project("{FAE04EC0-301F-11D3-BF4B-00C04F79EFBC}") = "SampleWebApp", "SampleWebApp.csproj", "{841AD3F7-CF66-4AAB-9965-7E2273F1D34A}"
EndProject
Global
	GlobalSection(SolutionConfigurationPlatforms) = preSolution
		Debug|Any CPU = Debug|Any CPU
		Release|Any CPU = Release|Any CPU
	EndGlobalSection
	GlobalSection(ProjectConfigurationPlatforms) = postSolution
		{841AD3F7-CF66-4AAB-9965-7E2273F1D34A}.Debug|Any CPU.ActiveCfg = Debug|Any CPU
		{841AD3F7-CF66-4AAB-9965-7E2273F1D34A}.Debug|Any CPU.Build.0 = Debug|Any CPU
		{841AD3F7-CF66-4AAB-9965-7E2273F1D34A}.Release|Any CPU.ActiveCfg = Release|Any CPU
		{841AD3F7-CF66-4AAB-9965-7E2273F1D34A}.Release|Any CPU.Build.0 = Release|Any CPU
	EndGlobalSection
	GlobalSection(SolutionProperties) = preSolution
		HideSolutionNode = FALSE
	EndGlobalSection
	GlobalSection(ExtensibilityGlobals) = postSolution
		SolutionGuid = {30BE9578-F2D8-4724-A7A1-E9E598E212F9}
	EndGlobalSection
EndGlobal
